
Microsoft Visual Studio Solution File, Format Version 12.00
# Visual Studio 2013
VisualStudioVersion = 12.0.40629.0
MinimumVisualStudioVersion = 10.0.40219.1
Project("{2150E333-8FDC-42A3-9474-1A3956D46DE8}") = "_Core", "_Core", "{6E4FABEC-4B4F-470E-A02E-5F80D8914F8D}"
EndProject
Project("{2150E333-8FDC-42A3-9474-1A3956D46DE8}") = "_Framework", "_Framework", "{B6A8D389-58BE-4B2E-B2CA-A4B4819D2A2F}"
EndProject
Project("{2150E333-8FDC-42A3-9474-1A3956D46DE8}") = "Account", "Account", "{FC72F192-4F29-4E61-804E-3D252A8467E0}"
EndProject
Project("{FAE04EC0-301F-11D3-BF4B-00C04F79EFBC}") = "GMS.Core.Config", "GMS.Core.Config\GMS.Core.Config.csproj", "{02D1CFC2-DADC-438A-BB09-96FF0BDF15A3}"
EndProject
Project("{FAE04EC0-301F-11D3-BF4B-00C04F79EFBC}") = "GMS.Core.Cache", "GMS.Core.Cache\GMS.Core.Cache.csproj", "{CB106E0C-7E1B-45F5-A2E2-37A614AEA450}"
EndProject
Project("{FAE04EC0-301F-11D3-BF4B-00C04F79EFBC}") = "GMS.Core.Log", "GMS.Core.Log\GMS.Core.Log.csproj", "{9D7455BF-BA3F-4E76-9D6C-3F4459E0AD5D}"
EndProject
Project("{FAE04EC0-301F-11D3-BF4B-00C04F79EFBC}") = "GMS.Core.Module", "GMS.Core.Module\GMS.Core.Module.csproj", "{8004C686-1BD8-4B38-A143-AE1AACD740AD}"
EndProject
Project("{FAE04EC0-301F-11D3-BF4B-00C04F79EFBC}") = "GMS.Core.Service", "GMS.Core.Service\GMS.Core.Service.csproj", "{BC79FAB1-19FD-435A-854B-8073285FE759}"
EndProject
Project("{FAE04EC0-301F-11D3-BF4B-00C04F79EFBC}") = "GMS.Core.Upload", "GMS.Core.Upload\GMS.Core.Upload.csproj", "{CD682D26-2FD3-43E6-B083-2D0127F21357}"
EndProject
Project("{FAE04EC0-301F-11D3-BF4B-00C04F79EFBC}") = "GMS.Framework.BLL", "GMS.Framework.BLL\GMS.Framework.BLL.csproj", "{ED3D32C0-50D6-496D-853C-310BCAC12562}"
EndProject
Project("{FAE04EC0-301F-11D3-BF4B-00C04F79EFBC}") = "GMS.Framework.Contract", "GMS.Framework.Contract\GMS.Framework.Contract.csproj", "{2E9EB716-4441-4DA9-B2BC-63EEEA2DF639}"
EndProject
Project("{FAE04EC0-301F-11D3-BF4B-00C04F79EFBC}") = "GMS.Framework.DAL", "GMS.Framework.DAL\GMS.Framework.DAL.csproj", "{A1DFD980-CF4F-4D64-8589-C4C3FC967035}"
EndProject
Project("{FAE04EC0-301F-11D3-BF4B-00C04F79EFBC}") = "GMS.Framework.Utility", "GMS.Framework.Utility\GMS.Framework.Utility.csproj", "{7729D171-2242-4686-B2A4-194A08A020F1}"
EndProject
Project("{FAE04EC0-301F-11D3-BF4B-00C04F79EFBC}") = "GMS.Framework.Web", "GMS.Framework.Web\GMS.Framework.Web.csproj", "{35F8E8BA-1CAF-4065-BA94-3808C427B408}"
EndProject
Project("{FAE04EC0-301F-11D3-BF4B-00C04F79EFBC}") = "GMS.Account.Contract", "GMS.Account.Contract\GMS.Account.Contract.csproj", "{926145F7-D0CA-4044-8DF9-58F713264467}"
EndProject
Project("{FAE04EC0-301F-11D3-BF4B-00C04F79EFBC}") = "GMS.Account.BLL", "GMS.Account.BLL\GMS.Account.BLL.csproj", "{ED6576EA-B882-449F-AD95-79F16C81289D}"
EndProject
Project("{FAE04EC0-301F-11D3-BF4B-00C04F79EFBC}") = "GMS.Account.DAL", "GMS.Account.DAL\GMS.Account.DAL.csproj", "{DCF064F3-10C1-4361-8844-9D0ECD3EB09E}"
EndProject
Project("{2150E333-8FDC-42A3-9474-1A3956D46DE8}") = "Web", "Web", "{2C25B85A-F87A-4272-AB03-70078D1284F4}"
EndProject
Project("{FAE04EC0-301F-11D3-BF4B-00C04F79EFBC}") = "GMS.Web", "GMS.Web\GMS.Web.csproj", "{1789B3DC-E0F0-44C6-9A81-C2BC36DC9DAD}"
EndProject
Project("{FAE04EC0-301F-11D3-BF4B-00C04F79EFBC}") = "GMS.Web.Admin", "GMS.Web.Admin\GMS.Web.Admin.csproj", "{B2011FBA-17DB-4EF8-8F62-5E2AA0C9C487}"
EndProject
Project("{2150E333-8FDC-42A3-9474-1A3956D46DE8}") = "AppDatabase", "AppDatabase", "{857E25BB-3934-4B58-AC75-0642265A0BAE}"
EndProject
Project("{FAE04EC0-301F-11D3-BF4B-00C04F79EFBC}") = "EMIS.DAL", "EMIS.DAL\EMIS.DAL.csproj", "{30E520E6-0D32-403C-ADF9-82CDC829A9FD}"
EndProject
Project("{FAE04EC0-301F-11D3-BF4B-00C04F79EFBC}") = "PrdDb.DAL", "PrdDb.DAL\PrdDb.DAL.csproj", "{8459D72C-E5A1-4BD3-9DDC-B36B7079BB56}"
EndProject
Project("{FAE04EC0-301F-11D3-BF4B-00C04F79EFBC}") = "Monitor_WV.DAL", "Monitor_WV.DAL\Monitor_WV.DAL.csproj", "{7603E6E9-CC4B-4C13-8E89-6A407C36A41F}"
EndProject
Project("{FAE04EC0-301F-11D3-BF4B-00C04F79EFBC}") = "PbRead.DAL", "PbRead.DAL\PbRead.DAL.csproj", "{D0CBAA49-4FB6-4C06-AFA7-6E946BC56412}"
EndProject
Project("{00D1A9C2-B5F0-4AF3-8072-F6C62B433612}") = "SqlScripts", "SqlScripts\SqlScripts.sqlproj", "{E3E96DBC-EAE9-4379-BA0F-00988FA12B89}"
EndProject
Project("{2150E333-8FDC-42A3-9474-1A3956D46DE8}") = ".nuget", ".nuget", "{C977A34C-335F-4A12-A387-4154C198C476}"
	ProjectSection(SolutionItems) = preProject
		.nuget\NuGet.Config = .nuget\NuGet.Config
		.nuget\NuGet.exe = .nuget\NuGet.exe
		.nuget\NuGet.targets = .nuget\NuGet.targets
	EndProjectSection
EndProject
Project("{FAE04EC0-301F-11D3-BF4B-00C04F79EFBC}") = "WMIS.DAL", "WMIS.DAL\WMIS.DAL.csproj", "{E0AF4430-185C-4E80-8DCC-807E7027588C}"
EndProject
Global
	GlobalSection(SolutionConfigurationPlatforms) = preSolution
		Debug|Any CPU = Debug|Any CPU
		Release|Any CPU = Release|Any CPU
	EndGlobalSection
	GlobalSection(ProjectConfigurationPlatforms) = postSolution
		{02D1CFC2-DADC-438A-BB09-96FF0BDF15A3}.Debug|Any CPU.ActiveCfg = Debug|Any CPU
		{02D1CFC2-DADC-438A-BB09-96FF0BDF15A3}.Debug|Any CPU.Build.0 = Debug|Any CPU
		{02D1CFC2-DADC-438A-BB09-96FF0BDF15A3}.Release|Any CPU.ActiveCfg = Release|Any CPU
		{02D1CFC2-DADC-438A-BB09-96FF0BDF15A3}.Release|Any CPU.Build.0 = Release|Any CPU
		{CB106E0C-7E1B-45F5-A2E2-37A614AEA450}.Debug|Any CPU.ActiveCfg = Debug|Any CPU
		{CB106E0C-7E1B-45F5-A2E2-37A614AEA450}.Debug|Any CPU.Build.0 = Debug|Any CPU
		{CB106E0C-7E1B-45F5-A2E2-37A614AEA450}.Release|Any CPU.ActiveCfg = Release|Any CPU
		{CB106E0C-7E1B-45F5-A2E2-37A614AEA450}.Release|Any CPU.Build.0 = Release|Any CPU
		{9D7455BF-BA3F-4E76-9D6C-3F4459E0AD5D}.Debug|Any CPU.ActiveCfg = Debug|Any CPU
		{9D7455BF-BA3F-4E76-9D6C-3F4459E0AD5D}.Debug|Any CPU.Build.0 = Debug|Any CPU
		{9D7455BF-BA3F-4E76-9D6C-3F4459E0AD5D}.Release|Any CPU.ActiveCfg = Release|Any CPU
		{9D7455BF-BA3F-4E76-9D6C-3F4459E0AD5D}.Release|Any CPU.Build.0 = Release|Any CPU
		{8004C686-1BD8-4B38-A143-AE1AACD740AD}.Debug|Any CPU.ActiveCfg = Debug|Any CPU
		{8004C686-1BD8-4B38-A143-AE1AACD740AD}.Debug|Any CPU.Build.0 = Debug|Any CPU
		{8004C686-1BD8-4B38-A143-AE1AACD740AD}.Release|Any CPU.ActiveCfg = Release|Any CPU
		{8004C686-1BD8-4B38-A143-AE1AACD740AD}.Release|Any CPU.Build.0 = Release|Any CPU
		{BC79FAB1-19FD-435A-854B-8073285FE759}.Debug|Any CPU.ActiveCfg = Debug|Any CPU
		{BC79FAB1-19FD-435A-854B-8073285FE759}.Debug|Any CPU.Build.0 = Debug|Any CPU
		{BC79FAB1-19FD-435A-854B-8073285FE759}.Release|Any CPU.ActiveCfg = Release|Any CPU
		{BC79FAB1-19FD-435A-854B-8073285FE759}.Release|Any CPU.Build.0 = Release|Any CPU
		{CD682D26-2FD3-43E6-B083-2D0127F21357}.Debug|Any CPU.ActiveCfg = Debug|Any CPU
		{CD682D26-2FD3-43E6-B083-2D0127F21357}.Debug|Any CPU.Build.0 = Debug|Any CPU
		{CD682D26-2FD3-43E6-B083-2D0127F21357}.Release|Any CPU.ActiveCfg = Release|Any CPU
		{CD682D26-2FD3-43E6-B083-2D0127F21357}.Release|Any CPU.Build.0 = Release|Any CPU
		{ED3D32C0-50D6-496D-853C-310BCAC12562}.Debug|Any CPU.ActiveCfg = Debug|Any CPU
		{ED3D32C0-50D6-496D-853C-310BCAC12562}.Debug|Any CPU.Build.0 = Debug|Any CPU
		{ED3D32C0-50D6-496D-853C-310BCAC12562}.Release|Any CPU.ActiveCfg = Release|Any CPU
		{ED3D32C0-50D6-496D-853C-310BCAC12562}.Release|Any CPU.Build.0 = Release|Any CPU
		{2E9EB716-4441-4DA9-B2BC-63EEEA2DF639}.Debug|Any CPU.ActiveCfg = Debug|Any CPU
		{2E9EB716-4441-4DA9-B2BC-63EEEA2DF639}.Debug|Any CPU.Build.0 = Debug|Any CPU
		{2E9EB716-4441-4DA9-B2BC-63EEEA2DF639}.Release|Any CPU.ActiveCfg = Release|Any CPU
		{2E9EB716-4441-4DA9-B2BC-63EEEA2DF639}.Release|Any CPU.Build.0 = Release|Any CPU
		{A1DFD980-CF4F-4D64-8589-C4C3FC967035}.Debug|Any CPU.ActiveCfg = Debug|Any CPU
		{A1DFD980-CF4F-4D64-8589-C4C3FC967035}.Debug|Any CPU.Build.0 = Debug|Any CPU
		{A1DFD980-CF4F-4D64-8589-C4C3FC967035}.Release|Any CPU.ActiveCfg = Release|Any CPU
		{A1DFD980-CF4F-4D64-8589-C4C3FC967035}.Release|Any CPU.Build.0 = Release|Any CPU
		{7729D171-2242-4686-B2A4-194A08A020F1}.Debug|Any CPU.ActiveCfg = Debug|Any CPU
		{7729D171-2242-4686-B2A4-194A08A020F1}.Debug|Any CPU.Build.0 = Debug|Any CPU
		{7729D171-2242-4686-B2A4-194A08A020F1}.Release|Any CPU.ActiveCfg = Release|Any CPU
		{7729D171-2242-4686-B2A4-194A08A020F1}.Release|Any CPU.Build.0 = Release|Any CPU
		{35F8E8BA-1CAF-4065-BA94-3808C427B408}.Debug|Any CPU.ActiveCfg = Debug|Any CPU
		{35F8E8BA-1CAF-4065-BA94-3808C427B408}.Debug|Any CPU.Build.0 = Debug|Any CPU
		{35F8E8BA-1CAF-4065-BA94-3808C427B408}.Release|Any CPU.ActiveCfg = Release|Any CPU
		{35F8E8BA-1CAF-4065-BA94-3808C427B408}.Release|Any CPU.Build.0 = Release|Any CPU
		{926145F7-D0CA-4044-8DF9-58F713264467}.Debug|Any CPU.ActiveCfg = Debug|Any CPU
		{926145F7-D0CA-4044-8DF9-58F713264467}.Debug|Any CPU.Build.0 = Debug|Any CPU
		{926145F7-D0CA-4044-8DF9-58F713264467}.Release|Any CPU.ActiveCfg = Release|Any CPU
		{926145F7-D0CA-4044-8DF9-58F713264467}.Release|Any CPU.Build.0 = Release|Any CPU
		{ED6576EA-B882-449F-AD95-79F16C81289D}.Debug|Any CPU.ActiveCfg = Debug|Any CPU
		{ED6576EA-B882-449F-AD95-79F16C81289D}.Debug|Any CPU.Build.0 = Debug|Any CPU
		{ED6576EA-B882-449F-AD95-79F16C81289D}.Release|Any CPU.ActiveCfg = Release|Any CPU
		{ED6576EA-B882-449F-AD95-79F16C81289D}.Release|Any CPU.Build.0 = Release|Any CPU
		{DCF064F3-10C1-4361-8844-9D0ECD3EB09E}.Debug|Any CPU.ActiveCfg = Debug|Any CPU
		{DCF064F3-10C1-4361-8844-9D0ECD3EB09E}.Debug|Any CPU.Build.0 = Debug|Any CPU
		{DCF064F3-10C1-4361-8844-9D0ECD3EB09E}.Release|Any CPU.ActiveCfg = Release|Any CPU
		{DCF064F3-10C1-4361-8844-9D0ECD3EB09E}.Release|Any CPU.Build.0 = Release|Any CPU
		{1789B3DC-E0F0-44C6-9A81-C2BC36DC9DAD}.Debug|Any CPU.ActiveCfg = Debug|Any CPU
		{1789B3DC-E0F0-44C6-9A81-C2BC36DC9DAD}.Debug|Any CPU.Build.0 = Debug|Any CPU
		{1789B3DC-E0F0-44C6-9A81-C2BC36DC9DAD}.Release|Any CPU.ActiveCfg = Release|Any CPU
		{1789B3DC-E0F0-44C6-9A81-C2BC36DC9DAD}.Release|Any CPU.Build.0 = Release|Any CPU
		{B2011FBA-17DB-4EF8-8F62-5E2AA0C9C487}.Debug|Any CPU.ActiveCfg = Debug|Any CPU
		{B2011FBA-17DB-4EF8-8F62-5E2AA0C9C487}.Debug|Any CPU.Build.0 = Debug|Any CPU
		{B2011FBA-17DB-4EF8-8F62-5E2AA0C9C487}.Release|Any CPU.ActiveCfg = Release|Any CPU
		{B2011FBA-17DB-4EF8-8F62-5E2AA0C9C487}.Release|Any CPU.Build.0 = Release|Any CPU
		{30E520E6-0D32-403C-ADF9-82CDC829A9FD}.Debug|Any CPU.ActiveCfg = Debug|Any CPU
		{30E520E6-0D32-403C-ADF9-82CDC829A9FD}.Debug|Any CPU.Build.0 = Debug|Any CPU
		{30E520E6-0D32-403C-ADF9-82CDC829A9FD}.Release|Any CPU.ActiveCfg = Release|Any CPU
		{30E520E6-0D32-403C-ADF9-82CDC829A9FD}.Release|Any CPU.Build.0 = Release|Any CPU
		{8459D72C-E5A1-4BD3-9DDC-B36B7079BB56}.Debug|Any CPU.ActiveCfg = Debug|Any CPU
		{8459D72C-E5A1-4BD3-9DDC-B36B7079BB56}.Debug|Any CPU.Build.0 = Debug|Any CPU
		{8459D72C-E5A1-4BD3-9DDC-B36B7079BB56}.Release|Any CPU.ActiveCfg = Release|Any CPU
		{8459D72C-E5A1-4BD3-9DDC-B36B7079BB56}.Release|Any CPU.Build.0 = Release|Any CPU
		{7603E6E9-CC4B-4C13-8E89-6A407C36A41F}.Debug|Any CPU.ActiveCfg = Debug|Any CPU
		{7603E6E9-CC4B-4C13-8E89-6A407C36A41F}.Debug|Any CPU.Build.0 = Debug|Any CPU
		{7603E6E9-CC4B-4C13-8E89-6A407C36A41F}.Release|Any CPU.ActiveCfg = Release|Any CPU
		{7603E6E9-CC4B-4C13-8E89-6A407C36A41F}.Release|Any CPU.Build.0 = Release|Any CPU
		{D0CBAA49-4FB6-4C06-AFA7-6E946BC56412}.Debug|Any CPU.ActiveCfg = Debug|Any CPU
		{D0CBAA49-4FB6-4C06-AFA7-6E946BC56412}.Debug|Any CPU.Build.0 = Debug|Any CPU
		{D0CBAA49-4FB6-4C06-AFA7-6E946BC56412}.Release|Any CPU.ActiveCfg = Release|Any CPU
		{D0CBAA49-4FB6-4C06-AFA7-6E946BC56412}.Release|Any CPU.Build.0 = Release|Any CPU
		{E3E96DBC-EAE9-4379-BA0F-00988FA12B89}.Debug|Any CPU.ActiveCfg = Debug|Any CPU
		{E3E96DBC-EAE9-4379-BA0F-00988FA12B89}.Debug|Any CPU.Build.0 = Debug|Any CPU
		{E3E96DBC-EAE9-4379-BA0F-00988FA12B89}.Debug|Any CPU.Deploy.0 = Debug|Any CPU
		{E3E96DBC-EAE9-4379-BA0F-00988FA12B89}.Release|Any CPU.ActiveCfg = Release|Any CPU
		{E3E96DBC-EAE9-4379-BA0F-00988FA12B89}.Release|Any CPU.Build.0 = Release|Any CPU
		{E3E96DBC-EAE9-4379-BA0F-00988FA12B89}.Release|Any CPU.Deploy.0 = Release|Any CPU
		{E0AF4430-185C-4E80-8DCC-807E7027588C}.Debug|Any CPU.ActiveCfg = Debug|Any CPU
		{E0AF4430-185C-4E80-8DCC-807E7027588C}.Debug|Any CPU.Build.0 = Debug|Any CPU
		{E0AF4430-185C-4E80-8DCC-807E7027588C}.Release|Any CPU.ActiveCfg = Release|Any CPU
		{E0AF4430-185C-4E80-8DCC-807E7027588C}.Release|Any CPU.Build.0 = Release|Any CPU
	EndGlobalSection
	GlobalSection(SolutionProperties) = preSolution
		HideSolutionNode = FALSE
	EndGlobalSection
	GlobalSection(NestedProjects) = preSolution
		{02D1CFC2-DADC-438A-BB09-96FF0BDF15A3} = {6E4FABEC-4B4F-470E-A02E-5F80D8914F8D}
		{CB106E0C-7E1B-45F5-A2E2-37A614AEA450} = {6E4FABEC-4B4F-470E-A02E-5F80D8914F8D}
		{9D7455BF-BA3F-4E76-9D6C-3F4459E0AD5D} = {6E4FABEC-4B4F-470E-A02E-5F80D8914F8D}
		{8004C686-1BD8-4B38-A143-AE1AACD740AD} = {6E4FABEC-4B4F-470E-A02E-5F80D8914F8D}
		{BC79FAB1-19FD-435A-854B-8073285FE759} = {6E4FABEC-4B4F-470E-A02E-5F80D8914F8D}
		{CD682D26-2FD3-43E6-B083-2D0127F21357} = {6E4FABEC-4B4F-470E-A02E-5F80D8914F8D}
		{ED3D32C0-50D6-496D-853C-310BCAC12562} = {B6A8D389-58BE-4B2E-B2CA-A4B4819D2A2F}
		{2E9EB716-4441-4DA9-B2BC-63EEEA2DF639} = {B6A8D389-58BE-4B2E-B2CA-A4B4819D2A2F}
		{A1DFD980-CF4F-4D64-8589-C4C3FC967035} = {B6A8D389-58BE-4B2E-B2CA-A4B4819D2A2F}
		{7729D171-2242-4686-B2A4-194A08A020F1} = {B6A8D389-58BE-4B2E-B2CA-A4B4819D2A2F}
		{35F8E8BA-1CAF-4065-BA94-3808C427B408} = {B6A8D389-58BE-4B2E-B2CA-A4B4819D2A2F}
		{926145F7-D0CA-4044-8DF9-58F713264467} = {FC72F192-4F29-4E61-804E-3D252A8467E0}
		{ED6576EA-B882-449F-AD95-79F16C81289D} = {FC72F192-4F29-4E61-804E-3D252A8467E0}
		{DCF064F3-10C1-4361-8844-9D0ECD3EB09E} = {FC72F192-4F29-4E61-804E-3D252A8467E0}
		{1789B3DC-E0F0-44C6-9A81-C2BC36DC9DAD} = {2C25B85A-F87A-4272-AB03-70078D1284F4}
		{B2011FBA-17DB-4EF8-8F62-5E2AA0C9C487} = {2C25B85A-F87A-4272-AB03-70078D1284F4}
		{30E520E6-0D32-403C-ADF9-82CDC829A9FD} = {857E25BB-3934-4B58-AC75-0642265A0BAE}
		{8459D72C-E5A1-4BD3-9DDC-B36B7079BB56} = {857E25BB-3934-4B58-AC75-0642265A0BAE}
		{7603E6E9-CC4B-4C13-8E89-6A407C36A41F} = {857E25BB-3934-4B58-AC75-0642265A0BAE}
		{D0CBAA49-4FB6-4C06-AFA7-6E946BC56412} = {857E25BB-3934-4B58-AC75-0642265A0BAE}
		{E3E96DBC-EAE9-4379-BA0F-00988FA12B89} = {857E25BB-3934-4B58-AC75-0642265A0BAE}
		{E0AF4430-185C-4E80-8DCC-807E7027588C} = {857E25BB-3934-4B58-AC75-0642265A0BAE}
	EndGlobalSection
EndGlobal
